// !$*UTF8*$!
{
	archiveVersion = 1;
	classes = {
	};
	objectVersion = 50;
	objects = {

/* Begin PBXBuildFile section */
		4818DFE8211980F200E69080 /* AppDelegate.swift in Sources */ = {isa = PBXBuildFile; fileRef = 4818DFE7211980F200E69080 /* AppDelegate.swift */; };
		4818DFEF211980F300E69080 /* Assets.xcassets in Resources */ = {isa = PBXBuildFile; fileRef = 4818DFEE211980F300E69080 /* Assets.xcassets */; };
		4818DFF2211980F300E69080 /* LaunchScreen.storyboard in Resources */ = {isa = PBXBuildFile; fileRef = 4818DFF0211980F300E69080 /* LaunchScreen.storyboard */; };
		4818E0002119811000E69080 /* ZigzagProgramTests.swift in Sources */ = {isa = PBXBuildFile; fileRef = 4818DFFF2119811000E69080 /* ZigzagProgramTests.swift */; };
		4818E0082119814300E69080 /* AlterDateFormat.swift in Sources */ = {isa = PBXBuildFile; fileRef = 4818E0072119814300E69080 /* AlterDateFormat.swift */; };
		4818E00A211983AB00E69080 /* IsAvailableTime.swift in Sources */ = {isa = PBXBuildFile; fileRef = 4818E009211983AB00E69080 /* IsAvailableTime.swift */; };
/* End PBXBuildFile section */

/* Begin PBXContainerItemProxy section */
		4818E0022119811000E69080 /* PBXContainerItemProxy */ = {
			isa = PBXContainerItemProxy;
			containerPortal = 4818DFDC211980F200E69080 /* Project object */;
			proxyType = 1;
			remoteGlobalIDString = 4818DFE3211980F200E69080;
			remoteInfo = ZigzagProgram;
		};
/* End PBXContainerItemProxy section */

/* Begin PBXFileReference section */
		4818DFE4211980F200E69080 /* ZigzagProgram.app */ = {isa = PBXFileReference; explicitFileType = wrapper.application; includeInIndex = 0; path = ZigzagProgram.app; sourceTree = BUILT_PRODUCTS_DIR; };
		4818DFE7211980F200E69080 /* AppDelegate.swift */ = {isa = PBXFileReference; lastKnownFileType = sourcecode.swift; path = AppDelegate.swift; sourceTree = "<group>"; };
		4818DFEE211980F300E69080 /* Assets.xcassets */ = {isa = PBXFileReference; lastKnownFileType = folder.assetcatalog; path = Assets.xcassets; sourceTree = "<group>"; };
		4818DFF1211980F300E69080 /* Base */ = {isa = PBXFileReference; lastKnownFileType = file.storyboard; name = Base; path = Base.lproj/LaunchScreen.storyboard; sourceTree = "<group>"; };
		4818DFF3211980F300E69080 /* Info.plist */ = {isa = PBXFileReference; lastKnownFileType = text.plist.xml; path = Info.plist; sourceTree = "<group>"; };
		4818DFFD2119811000E69080 /* ZigzagProgramTests.xctest */ = {isa = PBXFileReference; explicitFileType = wrapper.cfbundle; includeInIndex = 0; path = ZigzagProgramTests.xctest; sourceTree = BUILT_PRODUCTS_DIR; };
		4818DFFF2119811000E69080 /* ZigzagProgramTests.swift */ = {isa = PBXFileReference; lastKnownFileType = sourcecode.swift; path = ZigzagProgramTests.swift; sourceTree = "<group>"; };
		4818E0012119811000E69080 /* Info.plist */ = {isa = PBXFileReference; lastKnownFileType = text.plist.xml; path = Info.plist; sourceTree = "<group>"; };
		4818E0072119814300E69080 /* AlterDateFormat.swift */ = {isa = PBXFileReference; lastKnownFileType = sourcecode.swift; path = AlterDateFormat.swift; sourceTree = "<group>"; };
		4818E009211983AB00E69080 /* IsAvailableTime.swift */ = {isa = PBXFileReference; lastKnownFileType = sourcecode.swift; path = IsAvailableTime.swift; sourceTree = "<group>"; };
/* End PBXFileReference section */

/* Begin PBXFrameworksBuildPhase section */
		4818DFE1211980F200E69080 /* Frameworks */ = {
			isa = PBXFrameworksBuildPhase;
			buildActionMask = 2147483647;
			files = (
			);
			runOnlyForDeploymentPostprocessing = 0;
		};
		4818DFFA2119811000E69080 /* Frameworks */ = {
			isa = PBXFrameworksBuildPhase;
			buildActionMask = 2147483647;
			files = (
			);
			runOnlyForDeploymentPostprocessing = 0;
		};
/* End PBXFrameworksBuildPhase section */

/* Begin PBXGroup section */
		4818DFDB211980F200E69080 = {
			isa = PBXGroup;
			children = (
				4818DFE6211980F200E69080 /* ZigzagProgram */,
				4818DFFE2119811000E69080 /* ZigzagProgramTests */,
				4818DFE5211980F200E69080 /* Products */,
			);
			sourceTree = "<group>";
		};
		4818DFE5211980F200E69080 /* Products */ = {
			isa = PBXGroup;
			children = (
				4818DFE4211980F200E69080 /* ZigzagProgram.app */,
				4818DFFD2119811000E69080 /* ZigzagProgramTests.xctest */,
			);
			name = Products;
			sourceTree = "<group>";
		};
		4818DFE6211980F200E69080 /* ZigzagProgram */ = {
			isa = PBXGroup;
			children = (
				4818DFE7211980F200E69080 /* AppDelegate.swift */,
				4818DFEE211980F300E69080 /* Assets.xcassets */,
				4818DFF0211980F300E69080 /* LaunchScreen.storyboard */,
				4818DFF3211980F300E69080 /* Info.plist */,
				4818E0072119814300E69080 /* AlterDateFormat.swift */,
				4818E009211983AB00E69080 /* IsAvailableTime.swift */,
			);
			path = ZigzagProgram;
			sourceTree = "<group>";
		};
		4818DFFE2119811000E69080 /* ZigzagProgramTests */ = {
			isa = PBXGroup;
			children = (
				4818DFFF2119811000E69080 /* ZigzagProgramTests.swift */,
				4818E0012119811000E69080 /* Info.plist */,
			);
			path = ZigzagProgramTests;
			sourceTree = "<group>";
		};
/* End PBXGroup section */

/* Begin PBXNativeTarget section */
		4818DFE3211980F200E69080 /* ZigzagProgram */ = {
			isa = PBXNativeTarget;
			buildConfigurationList = 4818DFF6211980F300E69080 /* Build configuration list for PBXNativeTarget "ZigzagProgram" */;
			buildPhases = (
				4818DFE0211980F200E69080 /* Sources */,
				4818DFE1211980F200E69080 /* Frameworks */,
				4818DFE2211980F200E69080 /* Resources */,
			);
			buildRules = (
			);
			dependencies = (
			);
			name = ZigzagProgram;
			productName = ZigzagProgram;
			productReference = 4818DFE4211980F200E69080 /* ZigzagProgram.app */;
			productType = "com.apple.product-type.application";
		};
		4818DFFC2119811000E69080 /* ZigzagProgramTests */ = {
			isa = PBXNativeTarget;
			buildConfigurationList = 4818E0042119811000E69080 /* Build configuration list for PBXNativeTarget "ZigzagProgramTests" */;
			buildPhases = (
				4818DFF92119811000E69080 /* Sources */,
				4818DFFA2119811000E69080 /* Frameworks */,
				4818DFFB2119811000E69080 /* Resources */,
			);
			buildRules = (
			);
			dependencies = (
				4818E0032119811000E69080 /* PBXTargetDependency */,
			);
			name = ZigzagProgramTests;
			productName = ZigzagProgramTests;
			productReference = 4818DFFD2119811000E69080 /* ZigzagProgramTests.xctest */;
			productType = "com.apple.product-type.bundle.unit-test";
		};
/* End PBXNativeTarget section */

/* Begin PBXProject section */
		4818DFDC211980F200E69080 /* Project object */ = {
			isa = PBXProject;
			attributes = {
				LastSwiftUpdateCheck = 1000;
				LastUpgradeCheck = 1000;
				ORGANIZATIONNAME = samchon;
				TargetAttributes = {
					4818DFE3211980F200E69080 = {
						CreatedOnToolsVersion = 10.0;
					};
					4818DFFC2119811000E69080 = {
						CreatedOnToolsVersion = 10.0;
						TestTargetID = 4818DFE3211980F200E69080;
					};
				};
			};
			buildConfigurationList = 4818DFDF211980F200E69080 /* Build configuration list for PBXProject "ZigzagProgram" */;
			compatibilityVersion = "Xcode 9.3";
			developmentRegion = en;
			hasScannedForEncodings = 0;
			knownRegions = (
				en,
				Base,
			);
			mainGroup = 4818DFDB211980F200E69080;
			productRefGroup = 4818DFE5211980F200E69080 /* Products */;
			projectDirPath = "";
			projectRoot = "";
			targets = (
				4818DFE3211980F200E69080 /* ZigzagProgram */,
				4818DFFC2119811000E69080 /* ZigzagProgramTests */,
			);
		};
/* End PBXProject section */

/* Begin PBXResourcesBuildPhase section */
		4818DFE2211980F200E69080 /* Resources */ = {
			isa = PBXResourcesBuildPhase;
			buildActionMask = 2147483647;
			files = (
				4818DFF2211980F300E69080 /* LaunchScreen.storyboard in Resources */,
				4818DFEF211980F300E69080 /* Assets.xcassets in Resources */,
			);
			runOnlyForDeploymentPostprocessing = 0;
		};
		4818DFFB2119811000E69080 /* Resources */ = {
			isa = PBXResourcesBuildPhase;
			buildActionMask = 2147483647;
			files = (
			);
			runOnlyForDeploymentPostprocessing = 0;
		};
/* End PBXResourcesBuildPhase section */

/* Begin PBXSourcesBuildPhase section */
		4818DFE0211980F200E69080 /* Sources */ = {
			isa = PBXSourcesBuildPhase;
			buildActionMask = 2147483647;
			files = (
				4818E00A211983AB00E69080 /* IsAvailableTime.swift in Sources */,
				4818E0082119814300E69080 /* AlterDateFormat.swift in Sources */,
				4818DFE8211980F200E69080 /* AppDelegate.swift in Sources */,
			);
			runOnlyForDeploymentPostprocessing = 0;
		};
		4818DFF92119811000E69080 /* Sources */ = {
			isa = PBXSourcesBuildPhase;
			buildActionMask = 2147483647;
			files = (
				4818E0002119811000E69080 /* ZigzagProgramTests.swift in Sources */,
			);
			runOnlyForDeploymentPostprocessing = 0;
		};
/* End PBXSourcesBuildPhase section */

/* Begin PBXTargetDependency section */
		4818E0032119811000E69080 /* PBXTargetDependency */ = {
			isa = PBXTargetDependency;
			target = 4818DFE3211980F200E69080 /* ZigzagProgram */;
			targetProxy = 4818E0022119811000E69080 /* PBXContainerItemProxy */;
		};
/* End PBXTargetDependency section */

/* Begin PBXVariantGroup section */
		4818DFF0211980F300E69080 /* LaunchScreen.storyboard */ = {
			isa = PBXVariantGroup;
			children = (
				4818DFF1211980F300E69080 /* Base */,
			);
			name = LaunchScreen.storyboard;
			sourceTree = "<group>";
		};
/* End PBXVariantGroup section */

/* Begin XCBuildConfiguration section */
		4818DFF4211980F300E69080 /* Debug */ = {
			isa = XCBuildConfiguration;
			buildSettings = {
				ALWAYS_SEARCH_USER_PATHS = NO;
				CLANG_ANALYZER_NONNULL = YES;
				CLANG_ANALYZER_NUMBER_OBJECT_CONVERSION = YES_AGGRESSIVE;
				CLANG_CXX_LANGUAGE_STANDARD = "gnu++14";
				CLANG_CXX_LIBRARY = "libc++";
				CLANG_ENABLE_MODULES = YES;
				CLANG_ENABLE_OBJC_ARC = YES;
				CLANG_ENABLE_OBJC_WEAK = YES;
				CLANG_WARN_BLOCK_CAPTURE_AUTORELEASING = YES;
				CLANG_WARN_BOOL_CONVERSION = YES;
				CLANG_WARN_COMMA = YES;
				CLANG_WARN_CONSTANT_CONVERSION = YES;
				CLANG_WARN_DEPRECATED_OBJC_IMPLEMENTATIONS = YES;
				CLANG_WARN_DIRECT_OBJC_ISA_USAGE = YES_ERROR;
				CLANG_WARN_DOCUMENTATION_COMMENTS = YES;
				CLANG_WARN_EMPTY_BODY = YES;
				CLANG_WARN_ENUM_CONVERSION = YES;
				CLANG_WARN_INFINITE_RECURSION = YES;
				CLANG_WARN_INT_CONVERSION = YES;
				CLANG_WARN_NON_LITERAL_NULL_CONVERSION = YES;
				CLANG_WARN_OBJC_IMPLICIT_RETAIN_SELF = YES;
				CLANG_WARN_OBJC_LITERAL_CONVERSION = YES;
				CLANG_WARN_OBJC_ROOT_CLASS = YES_ERROR;
				CLANG_WARN_RANGE_LOOP_ANALYSIS = YES;
				CLANG_WARN_STRICT_PROTOTYPES = YES;
				CLANG_WARN_SUSPICIOUS_MOVE = YES;
				CLANG_WARN_UNGUARDED_AVAILABILITY = YES_AGGRESSIVE;
				CLANG_WARN_UNREACHABLE_CODE = YES;
				CLANG_WARN__DUPLICATE_METHOD_MATCH = YES;
				CODE_SIGN_IDENTITY = "iPhone Developer";
				COPY_PHASE_STRIP = NO;
				DEBUG_INFORMATION_FORMAT = dwarf;
				ENABLE_STRICT_OBJC_MSGSEND = YES;
				ENABLE_TESTABILITY = YES;
				GCC_C_LANGUAGE_STANDARD = gnu11;
				GCC_DYNAMIC_NO_PIC = NO;
				GCC_NO_COMMON_BLOCKS = YES;
				GCC_OPTIMIZATION_LEVEL = 0;
				GCC_PREPROCESSOR_DEFINITIONS = (
					"DEBUG=1",
					"$(inherited)",
				);
				GCC_WARN_64_TO_32_BIT_CONVERSION = YES;
				GCC_WARN_ABOUT_RETURN_TYPE = YES_ERROR;
				GCC_WARN_UNDECLARED_SELECTOR = YES;
				GCC_WARN_UNINITIALIZED_AUTOS = YES_AGGRESSIVE;
				GCC_WARN_UNUSED_FUNCTION = YES;
				GCC_WARN_UNUSED_VARIABLE = YES;
				IPHONEOS_DEPLOYMENT_TARGET = 12.0;
				MTL_ENABLE_DEBUG_INFO = INCLUDE_SOURCE;
				MTL_FAST_MATH = YES;
				ONLY_ACTIVE_ARCH = YES;
				SDKROOT = iphoneos;
				SWIFT_ACTIVE_COMPILATION_CONDITIONS = DEBUG;
				SWIFT_OPTIMIZATION_LEVEL = "-Onone";
			};
			name = Debug;
		};
		4818DFF5211980F300E69080 /* Release */ = {
			isa = XCBuildConfiguration;
			buildSettings = {
				ALWAYS_SEARCH_USER_PATHS = NO;
				CLANG_ANALYZER_NONNULL = YES;
				CLANG_ANALYZER_NUMBER_OBJECT_CONVERSION = YES_AGGRESSIVE;
				CLANG_CXX_LANGUAGE_STANDARD = "gnu++14";
				CLANG_CXX_LIBRARY = "libc++";
				CLANG_ENABLE_MODULES = YES;
				CLANG_ENABLE_OBJC_ARC = YES;
				CLANG_ENABLE_OBJC_WEAK = YES;
				CLANG_WARN_BLOCK_CAPTURE_AUTORELEASING = YES;
				CLANG_WARN_BOOL_CONVERSION = YES;
				CLANG_WARN_COMMA = YES;
				CLANG_WARN_CONSTANT_CONVERSION = YES;
				CLANG_WARN_DEPRECATED_OBJC_IMPLEMENTATIONS = YES;
				CLANG_WARN_DIRECT_OBJC_ISA_USAGE = YES_ERROR;
				CLANG_WARN_DOCUMENTATION_COMMENTS = YES;
				CLANG_WARN_EMPTY_BODY = YES;
				CLANG_WARN_ENUM_CONVERSION = YES;
				CLANG_WARN_INFINITE_RECURSION = YES;
				CLANG_WARN_INT_CONVERSION = YES;
				CLANG_WARN_NON_LITERAL_NULL_CONVERSION = YES;
				CLANG_WARN_OBJC_IMPLICIT_RETAIN_SELF = YES;
				CLANG_WARN_OBJC_LITERAL_CONVERSION = YES;
				CLANG_WARN_OBJC_ROOT_CLASS = YES_ERROR;
				CLANG_WARN_RANGE_LOOP_ANALYSIS = YES;
				CLANG_WARN_STRICT_PROTOTYPES = YES;
				CLANG_WARN_SUSPICIOUS_MOVE = YES;
				CLANG_WARN_UNGUARDED_AVAILABILITY = YES_AGGRESSIVE;
				CLANG_WARN_UNREACHABLE_CODE = YES;
				CLANG_WARN__DUPLICATE_METHOD_MATCH = YES;
				CODE_SIGN_IDENTITY = "iPhone Developer";
				COPY_PHASE_STRIP = NO;
				DEBUG_INFORMATION_FORMAT = "dwarf-with-dsym";
				ENABLE_NS_ASSERTIONS = NO;
				ENABLE_STRICT_OBJC_MSGSEND = YES;
				GCC_C_LANGUAGE_STANDARD = gnu11;
				GCC_NO_COMMON_BLOCKS = YES;
				GCC_WARN_64_TO_32_BIT_CONVERSION = YES;
				GCC_WARN_ABOUT_RETURN_TYPE = YES_ERROR;
				GCC_WARN_UNDECLARED_SELECTOR = YES;
				GCC_WARN_UNINITIALIZED_AUTOS = YES_AGGRESSIVE;
				GCC_WARN_UNUSED_FUNCTION = YES;
				GCC_WARN_UNUSED_VARIABLE = YES;
				IPHONEOS_DEPLOYMENT_TARGET = 12.0;
				MTL_ENABLE_DEBUG_INFO = NO;
				MTL_FAST_MATH = YES;
				SDKROOT = iphoneos;
				SWIFT_COMPILATION_MODE = wholemodule;
				SWIFT_OPTIMIZATION_LEVEL = "-O";
				VALIDATE_PRODUCT = YES;
			};
			name = Release;
		};
		4818DFF7211980F300E69080 /* Debug */ = {
			isa = XCBuildConfiguration;
			buildSettings = {
				ASSETCATALOG_COMPILER_APPICON_NAME = AppIcon;
				CODE_SIGN_STYLE = Automatic;
				DEVELOPMENT_TEAM = J6JJA4UC5Z;
				INFOPLIST_FILE = ZigzagProgram/Info.plist;
				LD_RUNPATH_SEARCH_PATHS = (
					"$(inherited)",
					"@executable_path/Frameworks",
				);
				PRODUCT_BUNDLE_IDENTIFIER = com.samchon.ZigzagProgram;
				PRODUCT_NAME = "$(TARGET_NAME)";
				SWIFT_VERSION = 4.2;
				TARGETED_DEVICE_FAMILY = "1,2";
			};
			name = Debug;
		};
		4818DFF8211980F300E69080 /* Release */ = {
			isa = XCBuildConfiguration;
			buildSettings = {
				ASSETCATALOG_COMPILER_APPICON_NAME = AppIcon;
				CODE_SIGN_STYLE = Automatic;
				DEVELOPMENT_TEAM = J6JJA4UC5Z;
				INFOPLIST_FILE = ZigzagProgram/Info.plist;
				LD_RUNPATH_SEARCH_PATHS = (
					"$(inherited)",
					"@executable_path/Frameworks",
				);
				PRODUCT_BUNDLE_IDENTIFIER = com.samchon.ZigzagProgram;
				PRODUCT_NAME = "$(TARGET_NAME)";
				SWIFT_VERSION = 4.2;
				TARGETED_DEVICE_FAMILY = "1,2";
			};
			name = Release;
		};
		4818E0052119811000E69080 /* Debug */ = {
			isa = XCBuildConfiguration;
			buildSettings = {
				BUNDLE_LOADER = "$(TEST_HOST)";
				CODE_SIGN_STYLE = Automatic;
				DEVELOPMENT_TEAM = J6JJA4UC5Z;
				INFOPLIST_FILE = ZigzagProgramTests/Info.plist;
				LD_RUNPATH_SEARCH_PATHS = (
					"$(inherited)",
					"@executable_path/Frameworks",
					"@loader_path/Frameworks",
				);
				PRODUCT_BUNDLE_IDENTIFIER = com.samchon.ZigzagProgramTests;
				PRODUCT_NAME = "$(TARGET_NAME)";
				SWIFT_VERSION = 4.2;
				TARGETED_DEVICE_FAMILY = "1,2";
				TEST_HOST = "$(BUILT_PRODUCTS_DIR)/ZigzagProgram.app/ZigzagProgram";
			};
			name = Debug;
		};
		4818E0062119811000E69080 /* Release */ = {
			isa = XCBuildConfiguration;
			buildSettings = {
				BUNDLE_LOADER = "$(TEST_HOST)";
				CODE_SIGN_STYLE = Automatic;
				DEVELOPMENT_TEAM = J6JJA4UC5Z;
				INFOPLIST_FILE = ZigzagProgramTests/Info.plist;
				LD_RUNPATH_SEARCH_PATHS = (
					"$(inherited)",
					"@executable_path/Frameworks",
					"@loader_path/Frameworks",
				);
				PRODUCT_BUNDLE_IDENTIFIER = com.samchon.ZigzagProgramTests;
				PRODUCT_NAME = "$(TARGET_NAME)";
				SWIFT_VERSION = 4.2;
				TARGETED_DEVICE_FAMILY = "1,2";
				TEST_HOST = "$(BUILT_PRODUCTS_DIR)/ZigzagProgram.app/ZigzagProgram";
			};
			name = Release;
		};
/* End XCBuildConfiguration section */

/* Begin XCConfigurationList section */
		4818DFDF211980F200E69080 /* Build configuration list for PBXProject "ZigzagProgram" */ = {
			isa = XCConfigurationList;
			buildConfigurations = (
				4818DFF4211980F300E69080 /* Debug */,
				4818DFF5211980F300E69080 /* Release */,
			);
			defaultConfigurationIsVisible = 0;
			defaultConfigurationName = Release;
		};
		4818DFF6211980F300E69080 /* Build configuration list for PBXNativeTarget "ZigzagProgram" */ = {
			isa = XCConfigurationList;
			buildConfigurations = (
				4818DFF7211980F300E69080 /* Debug */,
				4818DFF8211980F300E69080 /* Release */,
			);
			defaultConfigurationIsVisible = 0;
			defaultConfigurationName = Release;
		};
		4818E0042119811000E69080 /* Build configuration list for PBXNativeTarget "ZigzagProgramTests" */ = {
			isa = XCConfigurationList;
			buildConfigurations = (
				4818E0052119811000E69080 /* Debug */,
				4818E0062119811000E69080 /* Release */,
			);
			defaultConfigurationIsVisible = 0;
			defaultConfigurationName = Release;
		};
/* End XCConfigurationList section */
	};
	rootObject = 4818DFDC211980F200E69080 /* Project object */;
}
